
Microsoft Visual Studio Solution File, Format Version 12.00
# Visual Studio 2012
Project("{8BC9CEB8-8B4A-11D0-8D11-00A0C91BC942}") = "BlockImageCopy", "BlockImageCopy\BlockImageCopy.vcxproj", "{925B070C-4638-4D77-A1EB-A468A4295200}"
EndProject
Global
	GlobalSection(SolutionConfigurationPlatforms) = preSolution
		Debug|Win32 = Debug|Win32
		Release|Win32 = Release|Win32
	EndGlobalSection
	GlobalSection(ProjectConfigurationPlatforms) = postSolution
		{925B070C-4638-4D77-A1EB-A468A4295200}.Debug|Win32.ActiveCfg = Debug|Win32
		{925B070C-4638-4D77-A1EB-A468A4295200}.Debug|Win32.Build.0 = Debug|Win32
		{925B070C-4638-4D77-A1EB-A468A4295200}.Release|Win32.ActiveCfg = Release|Win32
		{925B070C-4638-4D77-A1EB-A468A4295200}.Release|Win32.Build.0 = Release|Win32
	EndGlobalSection
	GlobalSection(SolutionProperties) = preSolution
		HideSolutionNode = FALSE
	EndGlobalSection
EndGlobal
