
Microsoft Visual Studio Solution File, Format Version 12.00
# Visual Studio 2012
Project("{8BC9CEB8-8B4A-11D0-8D11-00A0C91BC942}") = "DLL Load", "DLL Load\DLL Load.vcxproj", "{C6C117A2-C91D-4D6B-B0CE-985558ADCFD2}"
EndProject
Global
	GlobalSection(SolutionConfigurationPlatforms) = preSolution
		Debug|Win32 = Debug|Win32
		Release|Win32 = Release|Win32
	EndGlobalSection
	GlobalSection(ProjectConfigurationPlatforms) = postSolution
		{C6C117A2-C91D-4D6B-B0CE-985558ADCFD2}.Debug|Win32.ActiveCfg = Debug|Win32
		{C6C117A2-C91D-4D6B-B0CE-985558ADCFD2}.Debug|Win32.Build.0 = Debug|Win32
		{C6C117A2-C91D-4D6B-B0CE-985558ADCFD2}.Release|Win32.ActiveCfg = Release|Win32
		{C6C117A2-C91D-4D6B-B0CE-985558ADCFD2}.Release|Win32.Build.0 = Release|Win32
	EndGlobalSection
	GlobalSection(SolutionProperties) = preSolution
		HideSolutionNode = FALSE
	EndGlobalSection
EndGlobal
