
Microsoft Visual Studio Solution File, Format Version 12.00
# Visual Studio 2012
Project("{8BC9CEB8-8B4A-11D0-8D11-00A0C91BC942}") = "20130508 대화상자", "20130508 대화상자\20130508 대화상자.vcxproj", "{07C40612-00CA-4F27-8AC3-119E955F6C75}"
EndProject
Global
	GlobalSection(SolutionConfigurationPlatforms) = preSolution
		Debug|Win32 = Debug|Win32
		Release|Win32 = Release|Win32
	EndGlobalSection
	GlobalSection(ProjectConfigurationPlatforms) = postSolution
		{07C40612-00CA-4F27-8AC3-119E955F6C75}.Debug|Win32.ActiveCfg = Debug|Win32
		{07C40612-00CA-4F27-8AC3-119E955F6C75}.Debug|Win32.Build.0 = Debug|Win32
		{07C40612-00CA-4F27-8AC3-119E955F6C75}.Release|Win32.ActiveCfg = Release|Win32
		{07C40612-00CA-4F27-8AC3-119E955F6C75}.Release|Win32.Build.0 = Release|Win32
	EndGlobalSection
	GlobalSection(SolutionProperties) = preSolution
		HideSolutionNode = FALSE
	EndGlobalSection
EndGlobal
